
Microsoft Visual Studio Solution File, Format Version 12.00
# Visual Studio 2012
Project("{FAE04EC0-301F-11D3-BF4B-00C04F79EFBC}") = "ArtificialGold", "ArtificialGold\ArtificialGold.csproj", "{4BFEC8B5-82B1-45B9-A9DE-90918DB3E572}"
EndProject
Project("{FAE04EC0-301F-11D3-BF4B-00C04F79EFBC}") = "UnitTests", "UnitTests\UnitTests.csproj", "{4344F887-375E-4E18-8120-A16822E17FF1}"
EndProject
Global
	GlobalSection(SolutionConfigurationPlatforms) = preSolution
		Debug|Any CPU = Debug|Any CPU
		Release|Any CPU = Release|Any CPU
	EndGlobalSection
	GlobalSection(ProjectConfigurationPlatforms) = postSolution
		{4BFEC8B5-82B1-45B9-A9DE-90918DB3E572}.Debug|Any CPU.ActiveCfg = Debug|Any CPU
		{4BFEC8B5-82B1-45B9-A9DE-90918DB3E572}.Debug|Any CPU.Build.0 = Debug|Any CPU
		{4BFEC8B5-82B1-45B9-A9DE-90918DB3E572}.Release|Any CPU.ActiveCfg = Release|Any CPU
		{4BFEC8B5-82B1-45B9-A9DE-90918DB3E572}.Release|Any CPU.Build.0 = Release|Any CPU
		{4344F887-375E-4E18-8120-A16822E17FF1}.Debug|Any CPU.ActiveCfg = Debug|Any CPU
		{4344F887-375E-4E18-8120-A16822E17FF1}.Debug|Any CPU.Build.0 = Debug|Any CPU
		{4344F887-375E-4E18-8120-A16822E17FF1}.Release|Any CPU.ActiveCfg = Release|Any CPU
		{4344F887-375E-4E18-8120-A16822E17FF1}.Release|Any CPU.Build.0 = Release|Any CPU
	EndGlobalSection
	GlobalSection(SolutionProperties) = preSolution
		HideSolutionNode = FALSE
	EndGlobalSection
EndGlobal
